
Microsoft Visual Studio Solution File, Format Version 12.00
# Visual Studio Version 16
VisualStudioVersion = 16.0.31229.75
MinimumVisualStudioVersion = 10.0.40219.1
Project("{FAE04EC0-301F-11D3-BF4B-00C04F79EFBC}") = "NicNas", "NicNas\NicNas.csproj", "{51030BCF-E999-401A-B178-6B6AACD7A447}"
EndProject
Global
	GlobalSection(SolutionConfigurationPlatforms) = preSolution
		Debug|Any CPU = Debug|Any CPU
		Release|Any CPU = Release|Any CPU
	EndGlobalSection
	GlobalSection(ProjectConfigurationPlatforms) = postSolution
		{51030BCF-E999-401A-B178-6B6AACD7A447}.Debug|Any CPU.ActiveCfg = Debug|Any CPU
		{51030BCF-E999-401A-B178-6B6AACD7A447}.Debug|Any CPU.Build.0 = Debug|Any CPU
		{51030BCF-E999-401A-B178-6B6AACD7A447}.Release|Any CPU.ActiveCfg = Release|Any CPU
		{51030BCF-E999-401A-B178-6B6AACD7A447}.Release|Any CPU.Build.0 = Release|Any CPU
	EndGlobalSection
	GlobalSection(SolutionProperties) = preSolution
		HideSolutionNode = FALSE
	EndGlobalSection
	GlobalSection(ExtensibilityGlobals) = postSolution
		SolutionGuid = {3241403B-3E21-45D5-A549-DF6CEDE393EB}
	EndGlobalSection
EndGlobal
